
Microsoft Visual Studio Solution File, Format Version 12.00
# Visual Studio 15
VisualStudioVersion = 15.0.28010.2041
MinimumVisualStudioVersion = 10.0.40219.1
Project("{FAE04EC0-301F-11D3-BF4B-00C04F79EFBC}") = "TransportCompanyModel", "TransportCompanyModel\TransportCompanyModel.csproj", "{73BE05D6-957E-4A8A-A016-BF20539F5967}"
EndProject
Project("{FAE04EC0-301F-11D3-BF4B-00C04F79EFBC}") = "TransportCompanyService", "TransportCompanyService\TransportCompanyService.csproj", "{9DD4F49D-EBFC-4DE6-AA9B-B2D767A209CD}"
EndProject
Project("{FAE04EC0-301F-11D3-BF4B-00C04F79EFBC}") = "TransportCompanyWeb", "TransportCompanyWeb\TransportCompanyWeb.csproj", "{8C27E2D6-D03A-4C9C-98C6-BD8CFF40775C}"
EndProject
Global
	GlobalSection(SolutionConfigurationPlatforms) = preSolution
		Debug|Any CPU = Debug|Any CPU
		Release|Any CPU = Release|Any CPU
	EndGlobalSection
	GlobalSection(ProjectConfigurationPlatforms) = postSolution
		{73BE05D6-957E-4A8A-A016-BF20539F5967}.Debug|Any CPU.ActiveCfg = Debug|Any CPU
		{73BE05D6-957E-4A8A-A016-BF20539F5967}.Debug|Any CPU.Build.0 = Debug|Any CPU
		{73BE05D6-957E-4A8A-A016-BF20539F5967}.Release|Any CPU.ActiveCfg = Release|Any CPU
		{73BE05D6-957E-4A8A-A016-BF20539F5967}.Release|Any CPU.Build.0 = Release|Any CPU
		{9DD4F49D-EBFC-4DE6-AA9B-B2D767A209CD}.Debug|Any CPU.ActiveCfg = Debug|Any CPU
		{9DD4F49D-EBFC-4DE6-AA9B-B2D767A209CD}.Debug|Any CPU.Build.0 = Debug|Any CPU
		{9DD4F49D-EBFC-4DE6-AA9B-B2D767A209CD}.Release|Any CPU.ActiveCfg = Release|Any CPU
		{9DD4F49D-EBFC-4DE6-AA9B-B2D767A209CD}.Release|Any CPU.Build.0 = Release|Any CPU
		{8C27E2D6-D03A-4C9C-98C6-BD8CFF40775C}.Debug|Any CPU.ActiveCfg = Debug|Any CPU
		{8C27E2D6-D03A-4C9C-98C6-BD8CFF40775C}.Debug|Any CPU.Build.0 = Debug|Any CPU
		{8C27E2D6-D03A-4C9C-98C6-BD8CFF40775C}.Release|Any CPU.ActiveCfg = Release|Any CPU
		{8C27E2D6-D03A-4C9C-98C6-BD8CFF40775C}.Release|Any CPU.Build.0 = Release|Any CPU
	EndGlobalSection
	GlobalSection(SolutionProperties) = preSolution
		HideSolutionNode = FALSE
	EndGlobalSection
	GlobalSection(ExtensibilityGlobals) = postSolution
		SolutionGuid = {3131C3C7-9ABE-4F74-A534-2BD8728CC152}
	EndGlobalSection
EndGlobal
